// !$*UTF8*$!
{
	archiveVersion = 1;
	classes = {
	};
	objectVersion = 56;
	objects = {

/* Begin PBXBuildFile section */
		FFF19A3F2AA15AD800B5CF15 /* AppDelegate.swift in Sources */ = {isa = PBXBuildFile; fileRef = FFF19A3E2AA15AD800B5CF15 /* AppDelegate.swift */; };
		FFF19A412AA15AD800B5CF15 /* SceneDelegate.swift in Sources */ = {isa = PBXBuildFile; fileRef = FFF19A402AA15AD800B5CF15 /* SceneDelegate.swift */; };
		FFF19A432AA15AD800B5CF15 /* ViewController.swift in Sources */ = {isa = PBXBuildFile; fileRef = FFF19A422AA15AD800B5CF15 /* ViewController.swift */; };
		FFF19A462AA15AD800B5CF15 /* Main.storyboard in Resources */ = {isa = PBXBuildFile; fileRef = FFF19A442AA15AD800B5CF15 /* Main.storyboard */; };
		FFF19A482AA15AD800B5CF15 /* Assets.xcassets in Resources */ = {isa = PBXBuildFile; fileRef = FFF19A472AA15AD800B5CF15 /* Assets.xcassets */; };
		FFF19A4B2AA15AD800B5CF15 /* LaunchScreen.storyboard in Resources */ = {isa = PBXBuildFile; fileRef = FFF19A492AA15AD800B5CF15 /* LaunchScreen.storyboard */; };
		FFF19A562AA15AD900B5CF15 /* quepintaraEs2Tests.swift in Sources */ = {isa = PBXBuildFile; fileRef = FFF19A552AA15AD900B5CF15 /* quepintaraEs2Tests.swift */; };
		FFF19A602AA15AD900B5CF15 /* quepintaraEs2UITests.swift in Sources */ = {isa = PBXBuildFile; fileRef = FFF19A5F2AA15AD900B5CF15 /* quepintaraEs2UITests.swift */; };
		FFF19A622AA15AD900B5CF15 /* quepintaraEs2UITestsLaunchTests.swift in Sources */ = {isa = PBXBuildFile; fileRef = FFF19A612AA15AD900B5CF15 /* quepintaraEs2UITestsLaunchTests.swift */; };
/* End PBXBuildFile section */

/* Begin PBXContainerItemProxy section */
		FFF19A522AA15AD900B5CF15 /* PBXContainerItemProxy */ = {
			isa = PBXContainerItemProxy;
			containerPortal = FFF19A332AA15AD800B5CF15 /* Project object */;
			proxyType = 1;
			remoteGlobalIDString = FFF19A3A2AA15AD800B5CF15;
			remoteInfo = quepintaraEs2;
		};
		FFF19A5C2AA15AD900B5CF15 /* PBXContainerItemProxy */ = {
			isa = PBXContainerItemProxy;
			containerPortal = FFF19A332AA15AD800B5CF15 /* Project object */;
			proxyType = 1;
			remoteGlobalIDString = FFF19A3A2AA15AD800B5CF15;
			remoteInfo = quepintaraEs2;
		};
/* End PBXContainerItemProxy section */

/* Begin PBXFileReference section */
		FFF19A3B2AA15AD800B5CF15 /* quepintaraEs2.app */ = {isa = PBXFileReference; explicitFileType = wrapper.application; includeInIndex = 0; path = quepintaraEs2.app; sourceTree = BUILT_PRODUCTS_DIR; };
		FFF19A3E2AA15AD800B5CF15 /* AppDelegate.swift */ = {isa = PBXFileReference; lastKnownFileType = sourcecode.swift; path = AppDelegate.swift; sourceTree = "<group>"; };
		FFF19A402AA15AD800B5CF15 /* SceneDelegate.swift */ = {isa = PBXFileReference; lastKnownFileType = sourcecode.swift; path = SceneDelegate.swift; sourceTree = "<group>"; };
		FFF19A422AA15AD800B5CF15 /* ViewController.swift */ = {isa = PBXFileReference; lastKnownFileType = sourcecode.swift; path = ViewController.swift; sourceTree = "<group>"; };
		FFF19A452AA15AD800B5CF15 /* Base */ = {isa = PBXFileReference; lastKnownFileType = file.storyboard; name = Base; path = Base.lproj/Main.storyboard; sourceTree = "<group>"; };
		FFF19A472AA15AD800B5CF15 /* Assets.xcassets */ = {isa = PBXFileReference; lastKnownFileType = folder.assetcatalog; path = Assets.xcassets; sourceTree = "<group>"; };
		FFF19A4A2AA15AD800B5CF15 /* Base */ = {isa = PBXFileReference; lastKnownFileType = file.storyboard; name = Base; path = Base.lproj/LaunchScreen.storyboard; sourceTree = "<group>"; };
		FFF19A4C2AA15AD800B5CF15 /* Info.plist */ = {isa = PBXFileReference; lastKnownFileType = text.plist.xml; path = Info.plist; sourceTree = "<group>"; };
		FFF19A512AA15AD900B5CF15 /* quepintaraEs2Tests.xctest */ = {isa = PBXFileReference; explicitFileType = wrapper.cfbundle; includeInIndex = 0; path = quepintaraEs2Tests.xctest; sourceTree = BUILT_PRODUCTS_DIR; };
		FFF19A552AA15AD900B5CF15 /* quepintaraEs2Tests.swift */ = {isa = PBXFileReference; lastKnownFileType = sourcecode.swift; path = quepintaraEs2Tests.swift; sourceTree = "<group>"; };
		FFF19A5B2AA15AD900B5CF15 /* quepintaraEs2UITests.xctest */ = {isa = PBXFileReference; explicitFileType = wrapper.cfbundle; includeInIndex = 0; path = quepintaraEs2UITests.xctest; sourceTree = BUILT_PRODUCTS_DIR; };
		FFF19A5F2AA15AD900B5CF15 /* quepintaraEs2UITests.swift */ = {isa = PBXFileReference; lastKnownFileType = sourcecode.swift; path = quepintaraEs2UITests.swift; sourceTree = "<group>"; };
		FFF19A612AA15AD900B5CF15 /* quepintaraEs2UITestsLaunchTests.swift */ = {isa = PBXFileReference; lastKnownFileType = sourcecode.swift; path = quepintaraEs2UITestsLaunchTests.swift; sourceTree = "<group>"; };
/* End PBXFileReference section */

/* Begin PBXFrameworksBuildPhase section */
		FFF19A382AA15AD800B5CF15 /* Frameworks */ = {
			isa = PBXFrameworksBuildPhase;
			buildActionMask = 2147483647;
			files = (
			);
			runOnlyForDeploymentPostprocessing = 0;
		};
		FFF19A4E2AA15AD900B5CF15 /* Frameworks */ = {
			isa = PBXFrameworksBuildPhase;
			buildActionMask = 2147483647;
			files = (
			);
			runOnlyForDeploymentPostprocessing = 0;
		};
		FFF19A582AA15AD900B5CF15 /* Frameworks */ = {
			isa = PBXFrameworksBuildPhase;
			buildActionMask = 2147483647;
			files = (
			);
			runOnlyForDeploymentPostprocessing = 0;
		};
/* End PBXFrameworksBuildPhase section */

/* Begin PBXGroup section */
		FFF19A322AA15AD800B5CF15 = {
			isa = PBXGroup;
			children = (
				FFF19A3D2AA15AD800B5CF15 /* quepintaraEs2 */,
				FFF19A542AA15AD900B5CF15 /* quepintaraEs2Tests */,
				FFF19A5E2AA15AD900B5CF15 /* quepintaraEs2UITests */,
				FFF19A3C2AA15AD800B5CF15 /* Products */,
			);
			sourceTree = "<group>";
		};
		FFF19A3C2AA15AD800B5CF15 /* Products */ = {
			isa = PBXGroup;
			children = (
				FFF19A3B2AA15AD800B5CF15 /* quepintaraEs2.app */,
				FFF19A512AA15AD900B5CF15 /* quepintaraEs2Tests.xctest */,
				FFF19A5B2AA15AD900B5CF15 /* quepintaraEs2UITests.xctest */,
			);
			name = Products;
			sourceTree = "<group>";
		};
		FFF19A3D2AA15AD800B5CF15 /* quepintaraEs2 */ = {
			isa = PBXGroup;
			children = (
				FFF19A3E2AA15AD800B5CF15 /* AppDelegate.swift */,
				FFF19A402AA15AD800B5CF15 /* SceneDelegate.swift */,
				FFF19A422AA15AD800B5CF15 /* ViewController.swift */,
				FFF19A442AA15AD800B5CF15 /* Main.storyboard */,
				FFF19A472AA15AD800B5CF15 /* Assets.xcassets */,
				FFF19A492AA15AD800B5CF15 /* LaunchScreen.storyboard */,
				FFF19A4C2AA15AD800B5CF15 /* Info.plist */,
			);
			path = quepintaraEs2;
			sourceTree = "<group>";
		};
		FFF19A542AA15AD900B5CF15 /* quepintaraEs2Tests */ = {
			isa = PBXGroup;
			children = (
				FFF19A552AA15AD900B5CF15 /* quepintaraEs2Tests.swift */,
			);
			path = quepintaraEs2Tests;
			sourceTree = "<group>";
		};
		FFF19A5E2AA15AD900B5CF15 /* quepintaraEs2UITests */ = {
			isa = PBXGroup;
			children = (
				FFF19A5F2AA15AD900B5CF15 /* quepintaraEs2UITests.swift */,
				FFF19A612AA15AD900B5CF15 /* quepintaraEs2UITestsLaunchTests.swift */,
			);
			path = quepintaraEs2UITests;
			sourceTree = "<group>";
		};
/* End PBXGroup section */

/* Begin PBXNativeTarget section */
		FFF19A3A2AA15AD800B5CF15 /* quepintaraEs2 */ = {
			isa = PBXNativeTarget;
			buildConfigurationList = FFF19A652AA15AD900B5CF15 /* Build configuration list for PBXNativeTarget "quepintaraEs2" */;
			buildPhases = (
				FFF19A372AA15AD800B5CF15 /* Sources */,
				FFF19A382AA15AD800B5CF15 /* Frameworks */,
				FFF19A392AA15AD800B5CF15 /* Resources */,
			);
			buildRules = (
			);
			dependencies = (
			);
			name = quepintaraEs2;
			productName = quepintaraEs2;
			productReference = FFF19A3B2AA15AD800B5CF15 /* quepintaraEs2.app */;
			productType = "com.apple.product-type.application";
		};
		FFF19A502AA15AD900B5CF15 /* quepintaraEs2Tests */ = {
			isa = PBXNativeTarget;
			buildConfigurationList = FFF19A682AA15AD900B5CF15 /* Build configuration list for PBXNativeTarget "quepintaraEs2Tests" */;
			buildPhases = (
				FFF19A4D2AA15AD900B5CF15 /* Sources */,
				FFF19A4E2AA15AD900B5CF15 /* Frameworks */,
				FFF19A4F2AA15AD900B5CF15 /* Resources */,
			);
			buildRules = (
			);
			dependencies = (
				FFF19A532AA15AD900B5CF15 /* PBXTargetDependency */,
			);
			name = quepintaraEs2Tests;
			productName = quepintaraEs2Tests;
			productReference = FFF19A512AA15AD900B5CF15 /* quepintaraEs2Tests.xctest */;
			productType = "com.apple.product-type.bundle.unit-test";
		};
		FFF19A5A2AA15AD900B5CF15 /* quepintaraEs2UITests */ = {
			isa = PBXNativeTarget;
			buildConfigurationList = FFF19A6B2AA15AD900B5CF15 /* Build configuration list for PBXNativeTarget "quepintaraEs2UITests" */;
			buildPhases = (
				FFF19A572AA15AD900B5CF15 /* Sources */,
				FFF19A582AA15AD900B5CF15 /* Frameworks */,
				FFF19A592AA15AD900B5CF15 /* Resources */,
			);
			buildRules = (
			);
			dependencies = (
				FFF19A5D2AA15AD900B5CF15 /* PBXTargetDependency */,
			);
			name = quepintaraEs2UITests;
			productName = quepintaraEs2UITests;
			productReference = FFF19A5B2AA15AD900B5CF15 /* quepintaraEs2UITests.xctest */;
			productType = "com.apple.product-type.bundle.ui-testing";
		};
/* End PBXNativeTarget section */

/* Begin PBXProject section */
		FFF19A332AA15AD800B5CF15 /* Project object */ = {
			isa = PBXProject;
			attributes = {
				BuildIndependentTargetsInParallel = 1;
				LastSwiftUpdateCheck = 1430;
				LastUpgradeCheck = 1430;
				TargetAttributes = {
					FFF19A3A2AA15AD800B5CF15 = {
						CreatedOnToolsVersion = 14.3.1;
					};
					FFF19A502AA15AD900B5CF15 = {
						CreatedOnToolsVersion = 14.3.1;
						TestTargetID = FFF19A3A2AA15AD800B5CF15;
					};
					FFF19A5A2AA15AD900B5CF15 = {
						CreatedOnToolsVersion = 14.3.1;
						TestTargetID = FFF19A3A2AA15AD800B5CF15;
					};
				};
			};
			buildConfigurationList = FFF19A362AA15AD800B5CF15 /* Build configuration list for PBXProject "quepintaraEs2" */;
			compatibilityVersion = "Xcode 14.0";
			developmentRegion = en;
			hasScannedForEncodings = 0;
			knownRegions = (
				en,
				Base,
			);
			mainGroup = FFF19A322AA15AD800B5CF15;
			productRefGroup = FFF19A3C2AA15AD800B5CF15 /* Products */;
			projectDirPath = "";
			projectRoot = "";
			targets = (
				FFF19A3A2AA15AD800B5CF15 /* quepintaraEs2 */,
				FFF19A502AA15AD900B5CF15 /* quepintaraEs2Tests */,
				FFF19A5A2AA15AD900B5CF15 /* quepintaraEs2UITests */,
			);
		};
/* End PBXProject section */

/* Begin PBXResourcesBuildPhase section */
		FFF19A392AA15AD800B5CF15 /* Resources */ = {
			isa = PBXResourcesBuildPhase;
			buildActionMask = 2147483647;
			files = (
				FFF19A4B2AA15AD800B5CF15 /* LaunchScreen.storyboard in Resources */,
				FFF19A482AA15AD800B5CF15 /* Assets.xcassets in Resources */,
				FFF19A462AA15AD800B5CF15 /* Main.storyboard in Resources */,
			);
			runOnlyForDeploymentPostprocessing = 0;
		};
		FFF19A4F2AA15AD900B5CF15 /* Resources */ = {
			isa = PBXResourcesBuildPhase;
			buildActionMask = 2147483647;
			files = (
			);
			runOnlyForDeploymentPostprocessing = 0;
		};
		FFF19A592AA15AD900B5CF15 /* Resources */ = {
			isa = PBXResourcesBuildPhase;
			buildActionMask = 2147483647;
			files = (
			);
			runOnlyForDeploymentPostprocessing = 0;
		};
/* End PBXResourcesBuildPhase section */

/* Begin PBXSourcesBuildPhase section */
		FFF19A372AA15AD800B5CF15 /* Sources */ = {
			isa = PBXSourcesBuildPhase;
			buildActionMask = 2147483647;
			files = (
				FFF19A432AA15AD800B5CF15 /* ViewController.swift in Sources */,
				FFF19A3F2AA15AD800B5CF15 /* AppDelegate.swift in Sources */,
				FFF19A412AA15AD800B5CF15 /* SceneDelegate.swift in Sources */,
			);
			runOnlyForDeploymentPostprocessing = 0;
		};
		FFF19A4D2AA15AD900B5CF15 /* Sources */ = {
			isa = PBXSourcesBuildPhase;
			buildActionMask = 2147483647;
			files = (
				FFF19A562AA15AD900B5CF15 /* quepintaraEs2Tests.swift in Sources */,
			);
			runOnlyForDeploymentPostprocessing = 0;
		};
		FFF19A572AA15AD900B5CF15 /* Sources */ = {
			isa = PBXSourcesBuildPhase;
			buildActionMask = 2147483647;
			files = (
				FFF19A602AA15AD900B5CF15 /* quepintaraEs2UITests.swift in Sources */,
				FFF19A622AA15AD900B5CF15 /* quepintaraEs2UITestsLaunchTests.swift in Sources */,
			);
			runOnlyForDeploymentPostprocessing = 0;
		};
/* End PBXSourcesBuildPhase section */

/* Begin PBXTargetDependency section */
		FFF19A532AA15AD900B5CF15 /* PBXTargetDependency */ = {
			isa = PBXTargetDependency;
			target = FFF19A3A2AA15AD800B5CF15 /* quepintaraEs2 */;
			targetProxy = FFF19A522AA15AD900B5CF15 /* PBXContainerItemProxy */;
		};
		FFF19A5D2AA15AD900B5CF15 /* PBXTargetDependency */ = {
			isa = PBXTargetDependency;
			target = FFF19A3A2AA15AD800B5CF15 /* quepintaraEs2 */;
			targetProxy = FFF19A5C2AA15AD900B5CF15 /* PBXContainerItemProxy */;
		};
/* End PBXTargetDependency section */

/* Begin PBXVariantGroup section */
		FFF19A442AA15AD800B5CF15 /* Main.storyboard */ = {
			isa = PBXVariantGroup;
			children = (
				FFF19A452AA15AD800B5CF15 /* Base */,
			);
			name = Main.storyboard;
			sourceTree = "<group>";
		};
		FFF19A492AA15AD800B5CF15 /* LaunchScreen.storyboard */ = {
			isa = PBXVariantGroup;
			children = (
				FFF19A4A2AA15AD800B5CF15 /* Base */,
			);
			name = LaunchScreen.storyboard;
			sourceTree = "<group>";
		};
/* End PBXVariantGroup section */

/* Begin XCBuildConfiguration section */
		FFF19A632AA15AD900B5CF15 /* Debug */ = {
			isa = XCBuildConfiguration;
			buildSettings = {
				ALWAYS_SEARCH_USER_PATHS = NO;
				CLANG_ANALYZER_NONNULL = YES;
				CLANG_ANALYZER_NUMBER_OBJECT_CONVERSION = YES_AGGRESSIVE;
				CLANG_CXX_LANGUAGE_STANDARD = "gnu++20";
				CLANG_ENABLE_MODULES = YES;
				CLANG_ENABLE_OBJC_ARC = YES;
				CLANG_ENABLE_OBJC_WEAK = YES;
				CLANG_WARN_BLOCK_CAPTURE_AUTORELEASING = YES;
				CLANG_WARN_BOOL_CONVERSION = YES;
				CLANG_WARN_COMMA = YES;
				CLANG_WARN_CONSTANT_CONVERSION = YES;
				CLANG_WARN_DEPRECATED_OBJC_IMPLEMENTATIONS = YES;
				CLANG_WARN_DIRECT_OBJC_ISA_USAGE = YES_ERROR;
				CLANG_WARN_DOCUMENTATION_COMMENTS = YES;
				CLANG_WARN_EMPTY_BODY = YES;
				CLANG_WARN_ENUM_CONVERSION = YES;
				CLANG_WARN_INFINITE_RECURSION = YES;
				CLANG_WARN_INT_CONVERSION = YES;
				CLANG_WARN_NON_LITERAL_NULL_CONVERSION = YES;
				CLANG_WARN_OBJC_IMPLICIT_RETAIN_SELF = YES;
				CLANG_WARN_OBJC_LITERAL_CONVERSION = YES;
				CLANG_WARN_OBJC_ROOT_CLASS = YES_ERROR;
				CLANG_WARN_QUOTED_INCLUDE_IN_FRAMEWORK_HEADER = YES;
				CLANG_WARN_RANGE_LOOP_ANALYSIS = YES;
				CLANG_WARN_STRICT_PROTOTYPES = YES;
				CLANG_WARN_SUSPICIOUS_MOVE = YES;
				CLANG_WARN_UNGUARDED_AVAILABILITY = YES_AGGRESSIVE;
				CLANG_WARN_UNREACHABLE_CODE = YES;
				CLANG_WARN__DUPLICATE_METHOD_MATCH = YES;
				COPY_PHASE_STRIP = NO;
				DEBUG_INFORMATION_FORMAT = dwarf;
				ENABLE_STRICT_OBJC_MSGSEND = YES;
				ENABLE_TESTABILITY = YES;
				GCC_C_LANGUAGE_STANDARD = gnu11;
				GCC_DYNAMIC_NO_PIC = NO;
				GCC_NO_COMMON_BLOCKS = YES;
				GCC_OPTIMIZATION_LEVEL = 0;
				GCC_PREPROCESSOR_DEFINITIONS = (
					"DEBUG=1",
					"$(inherited)",
				);
				GCC_WARN_64_TO_32_BIT_CONVERSION = YES;
				GCC_WARN_ABOUT_RETURN_TYPE = YES_ERROR;
				GCC_WARN_UNDECLARED_SELECTOR = YES;
				GCC_WARN_UNINITIALIZED_AUTOS = YES_AGGRESSIVE;
				GCC_WARN_UNUSED_FUNCTION = YES;
				GCC_WARN_UNUSED_VARIABLE = YES;
				IPHONEOS_DEPLOYMENT_TARGET = 16.4;
				MTL_ENABLE_DEBUG_INFO = INCLUDE_SOURCE;
				MTL_FAST_MATH = YES;
				ONLY_ACTIVE_ARCH = YES;
				SDKROOT = iphoneos;
				SWIFT_ACTIVE_COMPILATION_CONDITIONS = DEBUG;
				SWIFT_OPTIMIZATION_LEVEL = "-Onone";
			};
			name = Debug;
		};
		FFF19A642AA15AD900B5CF15 /* Release */ = {
			isa = XCBuildConfiguration;
			buildSettings = {
				ALWAYS_SEARCH_USER_PATHS = NO;
				CLANG_ANALYZER_NONNULL = YES;
				CLANG_ANALYZER_NUMBER_OBJECT_CONVERSION = YES_AGGRESSIVE;
				CLANG_CXX_LANGUAGE_STANDARD = "gnu++20";
				CLANG_ENABLE_MODULES = YES;
				CLANG_ENABLE_OBJC_ARC = YES;
				CLANG_ENABLE_OBJC_WEAK = YES;
				CLANG_WARN_BLOCK_CAPTURE_AUTORELEASING = YES;
				CLANG_WARN_BOOL_CONVERSION = YES;
				CLANG_WARN_COMMA = YES;
				CLANG_WARN_CONSTANT_CONVERSION = YES;
				CLANG_WARN_DEPRECATED_OBJC_IMPLEMENTATIONS = YES;
				CLANG_WARN_DIRECT_OBJC_ISA_USAGE = YES_ERROR;
				CLANG_WARN_DOCUMENTATION_COMMENTS = YES;
				CLANG_WARN_EMPTY_BODY = YES;
				CLANG_WARN_ENUM_CONVERSION = YES;
				CLANG_WARN_INFINITE_RECURSION = YES;
				CLANG_WARN_INT_CONVERSION = YES;
				CLANG_WARN_NON_LITERAL_NULL_CONVERSION = YES;
				CLANG_WARN_OBJC_IMPLICIT_RETAIN_SELF = YES;
				CLANG_WARN_OBJC_LITERAL_CONVERSION = YES;
				CLANG_WARN_OBJC_ROOT_CLASS = YES_ERROR;
				CLANG_WARN_QUOTED_INCLUDE_IN_FRAMEWORK_HEADER = YES;
				CLANG_WARN_RANGE_LOOP_ANALYSIS = YES;
				CLANG_WARN_STRICT_PROTOTYPES = YES;
				CLANG_WARN_SUSPICIOUS_MOVE = YES;
				CLANG_WARN_UNGUARDED_AVAILABILITY = YES_AGGRESSIVE;
				CLANG_WARN_UNREACHABLE_CODE = YES;
				CLANG_WARN__DUPLICATE_METHOD_MATCH = YES;
				COPY_PHASE_STRIP = NO;
				DEBUG_INFORMATION_FORMAT = "dwarf-with-dsym";
				ENABLE_NS_ASSERTIONS = NO;
				ENABLE_STRICT_OBJC_MSGSEND = YES;
				GCC_C_LANGUAGE_STANDARD = gnu11;
				GCC_NO_COMMON_BLOCKS = YES;
				GCC_WARN_64_TO_32_BIT_CONVERSION = YES;
				GCC_WARN_ABOUT_RETURN_TYPE = YES_ERROR;
				GCC_WARN_UNDECLARED_SELECTOR = YES;
				GCC_WARN_UNINITIALIZED_AUTOS = YES_AGGRESSIVE;
				GCC_WARN_UNUSED_FUNCTION = YES;
				GCC_WARN_UNUSED_VARIABLE = YES;
				IPHONEOS_DEPLOYMENT_TARGET = 16.4;
				MTL_ENABLE_DEBUG_INFO = NO;
				MTL_FAST_MATH = YES;
				SDKROOT = iphoneos;
				SWIFT_COMPILATION_MODE = wholemodule;
				SWIFT_OPTIMIZATION_LEVEL = "-O";
				VALIDATE_PRODUCT = YES;
			};
			name = Release;
		};
		FFF19A662AA15AD900B5CF15 /* Debug */ = {
			isa = XCBuildConfiguration;
			buildSettings = {
				ASSETCATALOG_COMPILER_APPICON_NAME = AppIcon;
				ASSETCATALOG_COMPILER_GLOBAL_ACCENT_COLOR_NAME = AccentColor;
				CODE_SIGN_STYLE = Automatic;
				CURRENT_PROJECT_VERSION = 1;
				GENERATE_INFOPLIST_FILE = YES;
				INFOPLIST_FILE = quepintaraEs2/Info.plist;
				INFOPLIST_KEY_UIApplicationSupportsIndirectInputEvents = YES;
				INFOPLIST_KEY_UILaunchStoryboardName = LaunchScreen;
				INFOPLIST_KEY_UIMainStoryboardFile = Main;
				INFOPLIST_KEY_UISupportedInterfaceOrientations_iPad = "UIInterfaceOrientationPortrait UIInterfaceOrientationPortraitUpsideDown UIInterfaceOrientationLandscapeLeft UIInterfaceOrientationLandscapeRight";
				INFOPLIST_KEY_UISupportedInterfaceOrientations_iPhone = "UIInterfaceOrientationPortrait UIInterfaceOrientationLandscapeLeft UIInterfaceOrientationLandscapeRight";
				LD_RUNPATH_SEARCH_PATHS = (
					"$(inherited)",
					"@executable_path/Frameworks",
				);
				MARKETING_VERSION = 1.0;
				PRODUCT_BUNDLE_IDENTIFIER = com.acatlan.fes.quepintaraEs2;
				PRODUCT_NAME = "$(TARGET_NAME)";
				SWIFT_EMIT_LOC_STRINGS = YES;
				SWIFT_VERSION = 5.0;
				TARGETED_DEVICE_FAMILY = "1,2";
			};
			name = Debug;
		};
		FFF19A672AA15AD900B5CF15 /* Release */ = {
			isa = XCBuildConfiguration;
			buildSettings = {
				ASSETCATALOG_COMPILER_APPICON_NAME = AppIcon;
				ASSETCATALOG_COMPILER_GLOBAL_ACCENT_COLOR_NAME = AccentColor;
				CODE_SIGN_STYLE = Automatic;
				CURRENT_PROJECT_VERSION = 1;
				GENERATE_INFOPLIST_FILE = YES;
				INFOPLIST_FILE = quepintaraEs2/Info.plist;
				INFOPLIST_KEY_UIApplicationSupportsIndirectInputEvents = YES;
				INFOPLIST_KEY_UILaunchStoryboardName = LaunchScreen;
				INFOPLIST_KEY_UIMainStoryboardFile = Main;
				INFOPLIST_KEY_UISupportedInterfaceOrientations_iPad = "UIInterfaceOrientationPortrait UIInterfaceOrientationPortraitUpsideDown UIInterfaceOrientationLandscapeLeft UIInterfaceOrientationLandscapeRight";
				INFOPLIST_KEY_UISupportedInterfaceOrientations_iPhone = "UIInterfaceOrientationPortrait UIInterfaceOrientationLandscapeLeft UIInterfaceOrientationLandscapeRight";
				LD_RUNPATH_SEARCH_PATHS = (
					"$(inherited)",
					"@executable_path/Frameworks",
				);
				MARKETING_VERSION = 1.0;
				PRODUCT_BUNDLE_IDENTIFIER = com.acatlan.fes.quepintaraEs2;
				PRODUCT_NAME = "$(TARGET_NAME)";
				SWIFT_EMIT_LOC_STRINGS = YES;
				SWIFT_VERSION = 5.0;
				TARGETED_DEVICE_FAMILY = "1,2";
			};
			name = Release;
		};
		FFF19A692AA15AD900B5CF15 /* Debug */ = {
			isa = XCBuildConfiguration;
			buildSettings = {
				ALWAYS_EMBED_SWIFT_STANDARD_LIBRARIES = YES;
				BUNDLE_LOADER = "$(TEST_HOST)";
				CODE_SIGN_STYLE = Automatic;
				CURRENT_PROJECT_VERSION = 1;
				GENERATE_INFOPLIST_FILE = YES;
				IPHONEOS_DEPLOYMENT_TARGET = 16.4;
				MARKETING_VERSION = 1.0;
				PRODUCT_BUNDLE_IDENTIFIER = com.acatlan.fes.quepintaraEs2Tests;
				PRODUCT_NAME = "$(TARGET_NAME)";
				SWIFT_EMIT_LOC_STRINGS = NO;
				SWIFT_VERSION = 5.0;
				TARGETED_DEVICE_FAMILY = "1,2";
				TEST_HOST = "$(BUILT_PRODUCTS_DIR)/quepintaraEs2.app/$(BUNDLE_EXECUTABLE_FOLDER_PATH)/quepintaraEs2";
			};
			name = Debug;
		};
		FFF19A6A2AA15AD900B5CF15 /* Release */ = {
			isa = XCBuildConfiguration;
			buildSettings = {
				ALWAYS_EMBED_SWIFT_STANDARD_LIBRARIES = YES;
				BUNDLE_LOADER = "$(TEST_HOST)";
				CODE_SIGN_STYLE = Automatic;
				CURRENT_PROJECT_VERSION = 1;
				GENERATE_INFOPLIST_FILE = YES;
				IPHONEOS_DEPLOYMENT_TARGET = 16.4;
				MARKETING_VERSION = 1.0;
				PRODUCT_BUNDLE_IDENTIFIER = com.acatlan.fes.quepintaraEs2Tests;
				PRODUCT_NAME = "$(TARGET_NAME)";
				SWIFT_EMIT_LOC_STRINGS = NO;
				SWIFT_VERSION = 5.0;
				TARGETED_DEVICE_FAMILY = "1,2";
				TEST_HOST = "$(BUILT_PRODUCTS_DIR)/quepintaraEs2.app/$(BUNDLE_EXECUTABLE_FOLDER_PATH)/quepintaraEs2";
			};
			name = Release;
		};
		FFF19A6C2AA15AD900B5CF15 /* Debug */ = {
			isa = XCBuildConfiguration;
			buildSettings = {
				ALWAYS_EMBED_SWIFT_STANDARD_LIBRARIES = YES;
				CODE_SIGN_STYLE = Automatic;
				CURRENT_PROJECT_VERSION = 1;
				GENERATE_INFOPLIST_FILE = YES;
				MARKETING_VERSION = 1.0;
				PRODUCT_BUNDLE_IDENTIFIER = com.acatlan.fes.quepintaraEs2UITests;
				PRODUCT_NAME = "$(TARGET_NAME)";
				SWIFT_EMIT_LOC_STRINGS = NO;
				SWIFT_VERSION = 5.0;
				TARGETED_DEVICE_FAMILY = "1,2";
				TEST_TARGET_NAME = quepintaraEs2;
			};
			name = Debug;
		};
		FFF19A6D2AA15AD900B5CF15 /* Release */ = {
			isa = XCBuildConfiguration;
			buildSettings = {
				ALWAYS_EMBED_SWIFT_STANDARD_LIBRARIES = YES;
				CODE_SIGN_STYLE = Automatic;
				CURRENT_PROJECT_VERSION = 1;
				GENERATE_INFOPLIST_FILE = YES;
				MARKETING_VERSION = 1.0;
				PRODUCT_BUNDLE_IDENTIFIER = com.acatlan.fes.quepintaraEs2UITests;
				PRODUCT_NAME = "$(TARGET_NAME)";
				SWIFT_EMIT_LOC_STRINGS = NO;
				SWIFT_VERSION = 5.0;
				TARGETED_DEVICE_FAMILY = "1,2";
				TEST_TARGET_NAME = quepintaraEs2;
			};
			name = Release;
		};
/* End XCBuildConfiguration section */

/* Begin XCConfigurationList section */
		FFF19A362AA15AD800B5CF15 /* Build configuration list for PBXProject "quepintaraEs2" */ = {
			isa = XCConfigurationList;
			buildConfigurations = (
				FFF19A632AA15AD900B5CF15 /* Debug */,
				FFF19A642AA15AD900B5CF15 /* Release */,
			);
			defaultConfigurationIsVisible = 0;
			defaultConfigurationName = Release;
		};
		FFF19A652AA15AD900B5CF15 /* Build configuration list for PBXNativeTarget "quepintaraEs2" */ = {
			isa = XCConfigurationList;
			buildConfigurations = (
				FFF19A662AA15AD900B5CF15 /* Debug */,
				FFF19A672AA15AD900B5CF15 /* Release */,
			);
			defaultConfigurationIsVisible = 0;
			defaultConfigurationName = Release;
		};
		FFF19A682AA15AD900B5CF15 /* Build configuration list for PBXNativeTarget "quepintaraEs2Tests" */ = {
			isa = XCConfigurationList;
			buildConfigurations = (
				FFF19A692AA15AD900B5CF15 /* Debug */,
				FFF19A6A2AA15AD900B5CF15 /* Release */,
			);
			defaultConfigurationIsVisible = 0;
			defaultConfigurationName = Release;
		};
		FFF19A6B2AA15AD900B5CF15 /* Build configuration list for PBXNativeTarget "quepintaraEs2UITests" */ = {
			isa = XCConfigurationList;
			buildConfigurations = (
				FFF19A6C2AA15AD900B5CF15 /* Debug */,
				FFF19A6D2AA15AD900B5CF15 /* Release */,
			);
			defaultConfigurationIsVisible = 0;
			defaultConfigurationName = Release;
		};
/* End XCConfigurationList section */
	};
	rootObject = FFF19A332AA15AD800B5CF15 /* Project object */;
}
